
Microsoft Visual Studio Solution File, Format Version 12.00
# Visual Studio Version 17
VisualStudioVersion = 17.4.33213.308
MinimumVisualStudioVersion = 10.0.40219.1
Project("{FAE04EC0-301F-11D3-BF4B-00C04F79EFBC}") = "PaymentService", "PaymentService\PaymentService.csproj", "{7977272A-2315-4228-B9B0-56560BC4D324}"
EndProject
Global
	GlobalSection(SolutionConfigurationPlatforms) = preSolution
		Debug|Any CPU = Debug|Any CPU
		Release|Any CPU = Release|Any CPU
	EndGlobalSection
	GlobalSection(ProjectConfigurationPlatforms) = postSolution
		{7977272A-2315-4228-B9B0-56560BC4D324}.Debug|Any CPU.ActiveCfg = Debug|Any CPU
		{7977272A-2315-4228-B9B0-56560BC4D324}.Debug|Any CPU.Build.0 = Debug|Any CPU
		{7977272A-2315-4228-B9B0-56560BC4D324}.Release|Any CPU.ActiveCfg = Release|Any CPU
		{7977272A-2315-4228-B9B0-56560BC4D324}.Release|Any CPU.Build.0 = Release|Any CPU
	EndGlobalSection
	GlobalSection(SolutionProperties) = preSolution
		HideSolutionNode = FALSE
	EndGlobalSection
	GlobalSection(ExtensibilityGlobals) = postSolution
		SolutionGuid = {6884CFA9-3F70-4E79-8526-9B59A41053A7}
	EndGlobalSection
EndGlobal
